<?xml version="1.0" encoding="utf-8"?>
<Project ToolsVersion="4.0" xmlns="http://schemas.microsoft.com/developer/msbuild/2003">
  <ItemGroup>
    <Filter Include="源文件">
      <UniqueIdentifier>{4FC737F1-C7A5-4376-A066-2A32D752A2FF}</UniqueIdentifier>
      <Extensions>cpp;c;cc;cxx;def;odl;idl;hpj;bat;asm;asmx</Extensions>
    </Filter>
    <Filter Include="头文件">
      <UniqueIdentifier>{93995380-89BD-4b04-88EB-625FBE52EBFB}</UniqueIdentifier>
      <Extensions>h;hh;hpp;hxx;hm;inl;inc;xsd</Extensions>
    </Filter>
    <Filter Include="资源文件">
      <UniqueIdentifier>{67DA6AB6-F800-4c08-8B7A-83BB121AAD01}</UniqueIdentifier>
      <Extensions>rc;ico;cur;bmp;dlg;rc2;rct;bin;rgs;gif;jpg;jpeg;jpe;resx;tiff;tif;png;wav;mfcribbon-ms</Extensions>
    </Filter>
  </ItemGroup>
  <ItemGroup>
    <Text Include="ReadMe.txt" />
  </ItemGroup>
  <ItemGroup>
    <ClInclude Include="mm.h">
      <Filter>头文件</Filter>
    </ClInclude>
    <ClInclude Include="mmDlg.h">
      <Filter>头文件</Filter>
    </ClInclude>
    <ClInclude Include="stdafx.h">
      <Filter>头文件</Filter>
    </ClInclude>
    <ClInclude Include="targetver.h">
      <Filter>头文件</Filter>
    </ClInclude>
    <ClInclude Include="Resource.h">
      <Filter>头文件</Filter>
    </ClInclude>
    <ClInclude Include="json\json.h">
      <Filter>头文件</Filter>
    </ClInclude>
    <ClInclude Include="json\json-forwards.h">
      <Filter>头文件</Filter>
    </ClInclude>
    <ClInclude Include="PlayerDlg.h">
      <Filter>头文件</Filter>
    </ClInclude>
  </ItemGroup>
  <ItemGroup>
    <ClCompile Include="mm.cpp">
      <Filter>源文件</Filter>
    </ClCompile>
    <ClCompile Include="mmDlg.cpp">
      <Filter>源文件</Filter>
    </ClCompile>
    <ClCompile Include="stdafx.cpp">
      <Filter>源文件</Filter>
    </ClCompile>
    <ClCompile Include="jsoncpp.cpp">
      <Filter>源文件</Filter>
    </ClCompile>
    <ClCompile Include="PlayerDlg.cpp">
      <Filter>源文件</Filter>
    </ClCompile>
  </ItemGroup>
  <ItemGroup>
    <None Include="mm.htm" />
    <None Include="res\mm.rc2">
      <Filter>资源文件</Filter>
    </None>
    <None Include="doT.min.js" />
    <None Include="mm.js" />
    <None Include="bootstrap.min.css" />
  </ItemGroup>
  <ItemGroup>
    <ResourceCompile Include="mm.rc">
      <Filter>资源文件</Filter>
    </ResourceCompile>
  </ItemGroup>
  <ItemGroup>
    <Image Include="res\mm.ico">
      <Filter>资源文件</Filter>
    </Image>
    <Image Include="images\audio%402x.png">
      <Filter>资源文件</Filter>
    </Image>
    <Image Include="images\audio-bg%402x.png">
      <Filter>资源文件</Filter>
    </Image>
    <Image Include="images\blueline-on%402x.png">
      <Filter>资源文件</Filter>
    </Image>
    <Image Include="images\btn2%402x.png">
      <Filter>资源文件</Filter>
    </Image>
    <Image Include="images\btn2-2%402x.png">
      <Filter>资源文件</Filter>
    </Image>
    <Image Include="images\btn-off%402x.png">
      <Filter>资源文件</Filter>
    </Image>
    <Image Include="images\btn-on%402x.png">
      <Filter>资源文件</Filter>
    </Image>
    <Image Include="images\check%402x.png">
      <Filter>资源文件</Filter>
    </Image>
    <Image Include="images\close%402x.png">
      <Filter>资源文件</Filter>
    </Image>
    <Image Include="images\del%402x.png">
      <Filter>资源文件</Filter>
    </Image>
    <Image Include="images\down%402x.png">
      <Filter>资源文件</Filter>
    </Image>
    <Image Include="images\edit%402x.png">
      <Filter>资源文件</Filter>
    </Image>
    <Image Include="images\eye%402x.png">
      <Filter>资源文件</Filter>
    </Image>
    <Image Include="images\eye-close%402x.png">
      <Filter>资源文件</Filter>
    </Image>
    <Image Include="images\flim%402x.png">
      <Filter>资源文件</Filter>
    </Image>
    <Image Include="images\forbid%402x.png">
      <Filter>资源文件</Filter>
    </Image>
    <Image Include="images\forbid-off%402x.png">
      <Filter>资源文件</Filter>
    </Image>
    <Image Include="images\head-bg%402x.png">
      <Filter>资源文件</Filter>
    </Image>
    <Image Include="images\leading%402x.png">
      <Filter>资源文件</Filter>
    </Image>
    <Image Include="images\logo%402x.png">
      <Filter>资源文件</Filter>
    </Image>
    <Image Include="images\longline%402x.png">
      <Filter>资源文件</Filter>
    </Image>
    <Image Include="images\media%402x.png">
      <Filter>资源文件</Filter>
    </Image>
    <Image Include="images\menu%402x.png">
      <Filter>资源文件</Filter>
    </Image>
    <Image Include="images\min%402x.png">
      <Filter>资源文件</Filter>
    </Image>
    <Image Include="images\photo%402x.png">
      <Filter>资源文件</Filter>
    </Image>
    <Image Include="images\put-in%402x.png">
      <Filter>资源文件</Filter>
    </Image>
    <Image Include="images\put-out%402x.png">
      <Filter>资源文件</Filter>
    </Image>
    <Image Include="images\set%402x.png">
      <Filter>资源文件</Filter>
    </Image>
    <Image Include="images\shortline%402x.png">
      <Filter>资源文件</Filter>
    </Image>
    <Image Include="images\turnon%402x.png">
      <Filter>资源文件</Filter>
    </Image>
    <Image Include="images\up%402x.png">
      <Filter>资源文件</Filter>
    </Image>
    <Image Include="images\window%402x.png">
      <Filter>资源文件</Filter>
    </Image>
    <Image Include="images\windows-bg%402x.png">
      <Filter>资源文件</Filter>
    </Image>
    <Image Include="images\聚源设客户端2-标注.png">
      <Filter>资源文件</Filter>
    </Image>
    <Image Include="images\聚源设客户端2-录制-标注.png">
      <Filter>资源文件</Filter>
    </Image>
    <Image Include="images\聚源设全程助你玩转直播%402x.png">
      <Filter>资源文件</Filter>
    </Image>
  </ItemGroup>
</Project>